
Microsoft Visual Studio Solution File, Format Version 12.00
# Visual Studio 15
VisualStudioVersion = 15.0.28307.168
MinimumVisualStudioVersion = 10.0.40219.1
Project("{FAE04EC0-301F-11D3-BF4B-00C04F79EFBC}") = "Drag_and_Drop", "Drag_and_Drop\Drag_and_Drop.csproj", "{DFF67544-B483-4D65-9C75-0DFE60ACA653}"
EndProject
Global
	GlobalSection(SolutionConfigurationPlatforms) = preSolution
		Debug|Any CPU = Debug|Any CPU
		Release|Any CPU = Release|Any CPU
	EndGlobalSection
	GlobalSection(ProjectConfigurationPlatforms) = postSolution
		{DFF67544-B483-4D65-9C75-0DFE60ACA653}.Debug|Any CPU.ActiveCfg = Debug|Any CPU
		{DFF67544-B483-4D65-9C75-0DFE60ACA653}.Debug|Any CPU.Build.0 = Debug|Any CPU
		{DFF67544-B483-4D65-9C75-0DFE60ACA653}.Release|Any CPU.ActiveCfg = Release|Any CPU
		{DFF67544-B483-4D65-9C75-0DFE60ACA653}.Release|Any CPU.Build.0 = Release|Any CPU
	EndGlobalSection
	GlobalSection(SolutionProperties) = preSolution
		HideSolutionNode = FALSE
	EndGlobalSection
	GlobalSection(ExtensibilityGlobals) = postSolution
		SolutionGuid = {EE5C9E22-AD87-41F8-A4E0-F9CE7618A7F8}
	EndGlobalSection
EndGlobal
