
Microsoft Visual Studio Solution File, Format Version 12.00
# Visual Studio 15
VisualStudioVersion = 15.0.28307.168
MinimumVisualStudioVersion = 10.0.40219.1
Project("{E24C65DC-7377-472B-9ABA-BC803B73C61A}") = "QUnit", "QUnit\", "{88D06459-D27D-44A8-836B-D58045FBE15C}"
	ProjectSection(WebsiteProperties) = preProject
		TargetFrameworkMoniker = ".NETFramework,Version%3Dv4.6.1"
		Debug.AspNetCompiler.VirtualPath = "/localhost_49385"
		Debug.AspNetCompiler.PhysicalPath = "QUnit\"
		Debug.AspNetCompiler.TargetPath = "PrecompiledWeb\localhost_49385\"
		Debug.AspNetCompiler.Updateable = "true"
		Debug.AspNetCompiler.ForceOverwrite = "true"
		Debug.AspNetCompiler.FixedNames = "false"
		Debug.AspNetCompiler.Debug = "True"
		Release.AspNetCompiler.VirtualPath = "/localhost_49385"
		Release.AspNetCompiler.PhysicalPath = "QUnit\"
		Release.AspNetCompiler.TargetPath = "PrecompiledWeb\localhost_49385\"
		Release.AspNetCompiler.Updateable = "true"
		Release.AspNetCompiler.ForceOverwrite = "true"
		Release.AspNetCompiler.FixedNames = "false"
		Release.AspNetCompiler.Debug = "False"
		VWDPort = "49385"
		SlnRelativePath = "QUnit\"
		DefaultWebSiteLanguage = "Visual C#"
	EndProjectSection
EndProject
Global
	GlobalSection(SolutionConfigurationPlatforms) = preSolution
		Debug|Any CPU = Debug|Any CPU
	EndGlobalSection
	GlobalSection(ProjectConfigurationPlatforms) = postSolution
		{88D06459-D27D-44A8-836B-D58045FBE15C}.Debug|Any CPU.ActiveCfg = Debug|Any CPU
		{88D06459-D27D-44A8-836B-D58045FBE15C}.Debug|Any CPU.Build.0 = Debug|Any CPU
	EndGlobalSection
	GlobalSection(SolutionProperties) = preSolution
		HideSolutionNode = FALSE
	EndGlobalSection
	GlobalSection(ExtensibilityGlobals) = postSolution
		SolutionGuid = {E3B3FD87-28C8-4DE5-9D01-5FE0B1AF13D3}
	EndGlobalSection
EndGlobal
